{
  "name": "pfms",
  "version": "1.0.0",
  "description": "Personal Financial Management System - Enterprise Microservices",
  "private": true,
  "keywords": [
    "finance",
    "microservices",
    "nestjs",
    "express",
    "postgresql",
    "rabbitmq"
  ],
  "author": "PFMS Team",
  "license": "MIT",
  "engines": {
    "node": ">=20.9.0",
    "yarn": "^4.12.0"
  },
  "packageManager": "yarn@4.12.0"
}
